
Microsoft Visual Studio Solution File, Format Version 12.00
# Visual Studio Version 16
VisualStudioVersion = 16.0.31205.134
MinimumVisualStudioVersion = 10.0.40219.1
Project("{FAE04EC0-301F-11D3-BF4B-00C04F79EFBC}") = "PruebaQuantum", "PruebaQuantum\PruebaQuantum.csproj", "{7DFE8508-E923-4568-AA96-BE43B21AAC3F}"
EndProject
Project("{FAE04EC0-301F-11D3-BF4B-00C04F79EFBC}") = "Factory", "Factory\Factory.csproj", "{39AEE3B0-8EF2-4F1F-9679-A7063271BB79}"
EndProject
Project("{FAE04EC0-301F-11D3-BF4B-00C04F79EFBC}") = "DataAccess", "DataAccess\DataAccess.csproj", "{CC674CD2-0EEB-40BD-9659-09AC83B1A65C}"
EndProject
Project("{FAE04EC0-301F-11D3-BF4B-00C04F79EFBC}") = "Helper", "Helper\Helper.csproj", "{AC7D5406-AA0F-4ED7-9EE0-DA17F56F42A0}"
EndProject
Project("{FAE04EC0-301F-11D3-BF4B-00C04F79EFBC}") = "apiQuantum", "apiQuantum\apiQuantum.csproj", "{4E3CF419-0433-49D4-9DD4-CBF13C0C62E3}"
EndProject
Global
	GlobalSection(SolutionConfigurationPlatforms) = preSolution
		Debug|Any CPU = Debug|Any CPU
		Release|Any CPU = Release|Any CPU
	EndGlobalSection
	GlobalSection(ProjectConfigurationPlatforms) = postSolution
		{7DFE8508-E923-4568-AA96-BE43B21AAC3F}.Debug|Any CPU.ActiveCfg = Debug|Any CPU
		{7DFE8508-E923-4568-AA96-BE43B21AAC3F}.Debug|Any CPU.Build.0 = Debug|Any CPU
		{7DFE8508-E923-4568-AA96-BE43B21AAC3F}.Release|Any CPU.ActiveCfg = Release|Any CPU
		{7DFE8508-E923-4568-AA96-BE43B21AAC3F}.Release|Any CPU.Build.0 = Release|Any CPU
		{39AEE3B0-8EF2-4F1F-9679-A7063271BB79}.Debug|Any CPU.ActiveCfg = Debug|Any CPU
		{39AEE3B0-8EF2-4F1F-9679-A7063271BB79}.Debug|Any CPU.Build.0 = Debug|Any CPU
		{39AEE3B0-8EF2-4F1F-9679-A7063271BB79}.Release|Any CPU.ActiveCfg = Release|Any CPU
		{39AEE3B0-8EF2-4F1F-9679-A7063271BB79}.Release|Any CPU.Build.0 = Release|Any CPU
		{CC674CD2-0EEB-40BD-9659-09AC83B1A65C}.Debug|Any CPU.ActiveCfg = Debug|Any CPU
		{CC674CD2-0EEB-40BD-9659-09AC83B1A65C}.Debug|Any CPU.Build.0 = Debug|Any CPU
		{CC674CD2-0EEB-40BD-9659-09AC83B1A65C}.Release|Any CPU.ActiveCfg = Release|Any CPU
		{CC674CD2-0EEB-40BD-9659-09AC83B1A65C}.Release|Any CPU.Build.0 = Release|Any CPU
		{AC7D5406-AA0F-4ED7-9EE0-DA17F56F42A0}.Debug|Any CPU.ActiveCfg = Debug|Any CPU
		{AC7D5406-AA0F-4ED7-9EE0-DA17F56F42A0}.Debug|Any CPU.Build.0 = Debug|Any CPU
		{AC7D5406-AA0F-4ED7-9EE0-DA17F56F42A0}.Release|Any CPU.ActiveCfg = Release|Any CPU
		{AC7D5406-AA0F-4ED7-9EE0-DA17F56F42A0}.Release|Any CPU.Build.0 = Release|Any CPU
		{4E3CF419-0433-49D4-9DD4-CBF13C0C62E3}.Debug|Any CPU.ActiveCfg = Debug|Any CPU
		{4E3CF419-0433-49D4-9DD4-CBF13C0C62E3}.Debug|Any CPU.Build.0 = Debug|Any CPU
		{4E3CF419-0433-49D4-9DD4-CBF13C0C62E3}.Release|Any CPU.ActiveCfg = Release|Any CPU
		{4E3CF419-0433-49D4-9DD4-CBF13C0C62E3}.Release|Any CPU.Build.0 = Release|Any CPU
	EndGlobalSection
	GlobalSection(SolutionProperties) = preSolution
		HideSolutionNode = FALSE
	EndGlobalSection
	GlobalSection(ExtensibilityGlobals) = postSolution
		SolutionGuid = {B184C358-CA0B-4008-B846-F959E2640B12}
	EndGlobalSection
EndGlobal
